
Microsoft Visual Studio Solution File, Format Version 11.00
# Visual Studio 2010
Project("{FAE04EC0-301F-11D3-BF4B-00C04F79EFBC}") = "Assignment01", "Klas_Voornaam_Achternaam-TOETS MTA2\Assignment01.csproj", "{C1E1F68E-16D4-4396-964B-C0934630A514}"
EndProject
Project("{FAE04EC0-301F-11D3-BF4B-00C04F79EFBC}") = "Assignment02", "Assignment02\Assignment02.csproj", "{890E7F2B-DED6-4D43-84F5-B69565581416}"
EndProject
Project("{FAE04EC0-301F-11D3-BF4B-00C04F79EFBC}") = "Assignment03", "Assignment03\Assignment03.csproj", "{D14ED982-40A2-4A4D-9DA5-11DD15FDAB9B}"
EndProject
Project("{FAE04EC0-301F-11D3-BF4B-00C04F79EFBC}") = "Assignment04", "Assignment04\Assignment04.csproj", "{536CDB1A-1855-473A-92CE-D723BEAE77C2}"
EndProject
Project("{FAE04EC0-301F-11D3-BF4B-00C04F79EFBC}") = "Assignment05", "Assigment05\Assignment05.csproj", "{432B2976-D3C4-4AB0-BC8D-E69601E57C9E}"
EndProject
Global
	GlobalSection(SolutionConfigurationPlatforms) = preSolution
		Debug|x86 = Debug|x86
		Release|x86 = Release|x86
	EndGlobalSection
	GlobalSection(ProjectConfigurationPlatforms) = postSolution
		{C1E1F68E-16D4-4396-964B-C0934630A514}.Debug|x86.ActiveCfg = Debug|x86
		{C1E1F68E-16D4-4396-964B-C0934630A514}.Debug|x86.Build.0 = Debug|x86
		{C1E1F68E-16D4-4396-964B-C0934630A514}.Release|x86.ActiveCfg = Release|x86
		{C1E1F68E-16D4-4396-964B-C0934630A514}.Release|x86.Build.0 = Release|x86
		{890E7F2B-DED6-4D43-84F5-B69565581416}.Debug|x86.ActiveCfg = Debug|x86
		{890E7F2B-DED6-4D43-84F5-B69565581416}.Debug|x86.Build.0 = Debug|x86
		{890E7F2B-DED6-4D43-84F5-B69565581416}.Release|x86.ActiveCfg = Release|x86
		{890E7F2B-DED6-4D43-84F5-B69565581416}.Release|x86.Build.0 = Release|x86
		{D14ED982-40A2-4A4D-9DA5-11DD15FDAB9B}.Debug|x86.ActiveCfg = Debug|x86
		{D14ED982-40A2-4A4D-9DA5-11DD15FDAB9B}.Debug|x86.Build.0 = Debug|x86
		{D14ED982-40A2-4A4D-9DA5-11DD15FDAB9B}.Release|x86.ActiveCfg = Release|x86
		{D14ED982-40A2-4A4D-9DA5-11DD15FDAB9B}.Release|x86.Build.0 = Release|x86
		{536CDB1A-1855-473A-92CE-D723BEAE77C2}.Debug|x86.ActiveCfg = Debug|x86
		{536CDB1A-1855-473A-92CE-D723BEAE77C2}.Debug|x86.Build.0 = Debug|x86
		{536CDB1A-1855-473A-92CE-D723BEAE77C2}.Release|x86.ActiveCfg = Release|x86
		{536CDB1A-1855-473A-92CE-D723BEAE77C2}.Release|x86.Build.0 = Release|x86
		{432B2976-D3C4-4AB0-BC8D-E69601E57C9E}.Debug|x86.ActiveCfg = Debug|x86
		{432B2976-D3C4-4AB0-BC8D-E69601E57C9E}.Debug|x86.Build.0 = Debug|x86
		{432B2976-D3C4-4AB0-BC8D-E69601E57C9E}.Release|x86.ActiveCfg = Release|x86
		{432B2976-D3C4-4AB0-BC8D-E69601E57C9E}.Release|x86.Build.0 = Release|x86
	EndGlobalSection
	GlobalSection(SolutionProperties) = preSolution
		HideSolutionNode = FALSE
	EndGlobalSection
EndGlobal
